
Microsoft Visual Studio Solution File, Format Version 12.00
# Visual Studio 15
VisualStudioVersion = 15.0.27703.2026
MinimumVisualStudioVersion = 10.0.40219.1
Project("{FAE04EC0-301F-11D3-BF4B-00C04F79EFBC}") = "CodeDemo", "CodeDemo\CodeDemo.csproj", "{92455C4F-9317-4EB0-BD26-9176CC6F3F4A}"
EndProject
Project("{FAE04EC0-301F-11D3-BF4B-00C04F79EFBC}") = "Framework.Serialize", "Framework.Serialize\Framework.Serialize.csproj", "{53856DA8-7417-4A03-94AD-34DC92D3D843}"
EndProject
Project("{FAE04EC0-301F-11D3-BF4B-00C04F79EFBC}") = "Framework.IO", "Framework.IO\Framework.IO.csproj", "{FE538AA5-6331-46A4-B2AB-78E7E7579FA8}"
EndProject
Project("{FAE04EC0-301F-11D3-BF4B-00C04F79EFBC}") = "Framework.Http", "Framework.Http\Framework.Http.csproj", "{FE024048-BC9A-4EF0-AD04-9DEE70F7A53C}"
EndProject
Project("{FAE04EC0-301F-11D3-BF4B-00C04F79EFBC}") = "Framework.WindowsService", "Framework.WindowsService\Framework.WindowsService.csproj", "{36F3EB31-F1BB-4EA5-8A0E-34FBDC122A4F}"
EndProject
Project("{FAE04EC0-301F-11D3-BF4B-00C04F79EFBC}") = "Framework.SocketClientLib", "Framework.SocketClientLib\Framework.SocketClientLib.csproj", "{C8B578FF-5D89-41E9-9FC0-135A535E8EDB}"
EndProject
Project("{FAE04EC0-301F-11D3-BF4B-00C04F79EFBC}") = "Framework.SuperSokcetLib", "Framework.SuperSokcetLib\Framework.SuperSokcetLib.csproj", "{5B7CE5B9-AD93-4D40-B983-3A0B66F43A00}"
EndProject
Project("{FAE04EC0-301F-11D3-BF4B-00C04F79EFBC}") = "Framework.RedisLib", "Framework.RedisLib\Framework.RedisLib.csproj", "{FA98CF43-4373-4542-88E8-8222F3228F08}"
EndProject
Project("{FAE04EC0-301F-11D3-BF4B-00C04F79EFBC}") = "Framework.TaskManager", "Framework.TaskManager\Framework.TaskManager.csproj", "{7CBACFF2-857E-4D85-A209-8CA426465797}"
EndProject
Global
	GlobalSection(SolutionConfigurationPlatforms) = preSolution
		Debug|Any CPU = Debug|Any CPU
		Release|Any CPU = Release|Any CPU
	EndGlobalSection
	GlobalSection(ProjectConfigurationPlatforms) = postSolution
		{92455C4F-9317-4EB0-BD26-9176CC6F3F4A}.Debug|Any CPU.ActiveCfg = Debug|Any CPU
		{92455C4F-9317-4EB0-BD26-9176CC6F3F4A}.Debug|Any CPU.Build.0 = Debug|Any CPU
		{92455C4F-9317-4EB0-BD26-9176CC6F3F4A}.Release|Any CPU.ActiveCfg = Release|Any CPU
		{92455C4F-9317-4EB0-BD26-9176CC6F3F4A}.Release|Any CPU.Build.0 = Release|Any CPU
		{53856DA8-7417-4A03-94AD-34DC92D3D843}.Debug|Any CPU.ActiveCfg = Debug|Any CPU
		{53856DA8-7417-4A03-94AD-34DC92D3D843}.Debug|Any CPU.Build.0 = Debug|Any CPU
		{53856DA8-7417-4A03-94AD-34DC92D3D843}.Release|Any CPU.ActiveCfg = Release|Any CPU
		{53856DA8-7417-4A03-94AD-34DC92D3D843}.Release|Any CPU.Build.0 = Release|Any CPU
		{FE538AA5-6331-46A4-B2AB-78E7E7579FA8}.Debug|Any CPU.ActiveCfg = Debug|Any CPU
		{FE538AA5-6331-46A4-B2AB-78E7E7579FA8}.Debug|Any CPU.Build.0 = Debug|Any CPU
		{FE538AA5-6331-46A4-B2AB-78E7E7579FA8}.Release|Any CPU.ActiveCfg = Release|Any CPU
		{FE538AA5-6331-46A4-B2AB-78E7E7579FA8}.Release|Any CPU.Build.0 = Release|Any CPU
		{FE024048-BC9A-4EF0-AD04-9DEE70F7A53C}.Debug|Any CPU.ActiveCfg = Debug|Any CPU
		{FE024048-BC9A-4EF0-AD04-9DEE70F7A53C}.Debug|Any CPU.Build.0 = Debug|Any CPU
		{FE024048-BC9A-4EF0-AD04-9DEE70F7A53C}.Release|Any CPU.ActiveCfg = Release|Any CPU
		{FE024048-BC9A-4EF0-AD04-9DEE70F7A53C}.Release|Any CPU.Build.0 = Release|Any CPU
		{36F3EB31-F1BB-4EA5-8A0E-34FBDC122A4F}.Debug|Any CPU.ActiveCfg = Debug|Any CPU
		{36F3EB31-F1BB-4EA5-8A0E-34FBDC122A4F}.Debug|Any CPU.Build.0 = Debug|Any CPU
		{36F3EB31-F1BB-4EA5-8A0E-34FBDC122A4F}.Release|Any CPU.ActiveCfg = Release|Any CPU
		{36F3EB31-F1BB-4EA5-8A0E-34FBDC122A4F}.Release|Any CPU.Build.0 = Release|Any CPU
		{C8B578FF-5D89-41E9-9FC0-135A535E8EDB}.Debug|Any CPU.ActiveCfg = Debug|Any CPU
		{C8B578FF-5D89-41E9-9FC0-135A535E8EDB}.Debug|Any CPU.Build.0 = Debug|Any CPU
		{C8B578FF-5D89-41E9-9FC0-135A535E8EDB}.Release|Any CPU.ActiveCfg = Release|Any CPU
		{C8B578FF-5D89-41E9-9FC0-135A535E8EDB}.Release|Any CPU.Build.0 = Release|Any CPU
		{5B7CE5B9-AD93-4D40-B983-3A0B66F43A00}.Debug|Any CPU.ActiveCfg = Debug|Any CPU
		{5B7CE5B9-AD93-4D40-B983-3A0B66F43A00}.Debug|Any CPU.Build.0 = Debug|Any CPU
		{5B7CE5B9-AD93-4D40-B983-3A0B66F43A00}.Release|Any CPU.ActiveCfg = Release|Any CPU
		{5B7CE5B9-AD93-4D40-B983-3A0B66F43A00}.Release|Any CPU.Build.0 = Release|Any CPU
		{FA98CF43-4373-4542-88E8-8222F3228F08}.Debug|Any CPU.ActiveCfg = Debug|Any CPU
		{FA98CF43-4373-4542-88E8-8222F3228F08}.Debug|Any CPU.Build.0 = Debug|Any CPU
		{FA98CF43-4373-4542-88E8-8222F3228F08}.Release|Any CPU.ActiveCfg = Release|Any CPU
		{FA98CF43-4373-4542-88E8-8222F3228F08}.Release|Any CPU.Build.0 = Release|Any CPU
		{7CBACFF2-857E-4D85-A209-8CA426465797}.Debug|Any CPU.ActiveCfg = Debug|Any CPU
		{7CBACFF2-857E-4D85-A209-8CA426465797}.Debug|Any CPU.Build.0 = Debug|Any CPU
		{7CBACFF2-857E-4D85-A209-8CA426465797}.Release|Any CPU.ActiveCfg = Release|Any CPU
		{7CBACFF2-857E-4D85-A209-8CA426465797}.Release|Any CPU.Build.0 = Release|Any CPU
	EndGlobalSection
	GlobalSection(SolutionProperties) = preSolution
		HideSolutionNode = FALSE
	EndGlobalSection
	GlobalSection(ExtensibilityGlobals) = postSolution
		SolutionGuid = {243A0649-0381-4D0B-9902-5B61494380CA}
	EndGlobalSection
EndGlobal
